
Microsoft Visual Studio Solution File, Format Version 12.00
# Visual Studio 2012
Project("{8BC9CEB8-8B4A-11D0-8D11-00A0C91BC942}") = "StampSortv2", "StampSortv2\StampSortv2.vcxproj", "{9D485EA3-B113-4C9E-94DC-30D11AEA37B9}"
EndProject
Global
	GlobalSection(SolutionConfigurationPlatforms) = preSolution
		Debug|Win32 = Debug|Win32
		Release|Win32 = Release|Win32
	EndGlobalSection
	GlobalSection(ProjectConfigurationPlatforms) = postSolution
		{9D485EA3-B113-4C9E-94DC-30D11AEA37B9}.Debug|Win32.ActiveCfg = Debug|Win32
		{9D485EA3-B113-4C9E-94DC-30D11AEA37B9}.Debug|Win32.Build.0 = Debug|Win32
		{9D485EA3-B113-4C9E-94DC-30D11AEA37B9}.Release|Win32.ActiveCfg = Release|Win32
		{9D485EA3-B113-4C9E-94DC-30D11AEA37B9}.Release|Win32.Build.0 = Release|Win32
	EndGlobalSection
	GlobalSection(SolutionProperties) = preSolution
		HideSolutionNode = FALSE
	EndGlobalSection
EndGlobal
